
Microsoft Visual Studio Solution File, Format Version 12.00
# Visual Studio Version 17
VisualStudioVersion = 17.8.34525.116
MinimumVisualStudioVersion = 10.0.40219.1
Project("{FAE04EC0-301F-11D3-BF4B-00C04F79EFBC}") = "Day03ListViewGridView", "Day03ListViewGridView.csproj", "{EFBEF9CD-9E41-4418-A12C-09ACE6DEB246}"
EndProject
Global
	GlobalSection(SolutionConfigurationPlatforms) = preSolution
		Debug|Any CPU = Debug|Any CPU
		Release|Any CPU = Release|Any CPU
	EndGlobalSection
	GlobalSection(ProjectConfigurationPlatforms) = postSolution
		{EFBEF9CD-9E41-4418-A12C-09ACE6DEB246}.Debug|Any CPU.ActiveCfg = Debug|Any CPU
		{EFBEF9CD-9E41-4418-A12C-09ACE6DEB246}.Debug|Any CPU.Build.0 = Debug|Any CPU
		{EFBEF9CD-9E41-4418-A12C-09ACE6DEB246}.Release|Any CPU.ActiveCfg = Release|Any CPU
		{EFBEF9CD-9E41-4418-A12C-09ACE6DEB246}.Release|Any CPU.Build.0 = Release|Any CPU
	EndGlobalSection
	GlobalSection(SolutionProperties) = preSolution
		HideSolutionNode = FALSE
	EndGlobalSection
	GlobalSection(ExtensibilityGlobals) = postSolution
		SolutionGuid = {FE4583DD-F596-4EA6-A1E1-554D399A0C35}
	EndGlobalSection
EndGlobal
